
Microsoft Visual Studio Solution File, Format Version 12.00
# Visual Studio Version 17
VisualStudioVersion = 17.5.33627.172
MinimumVisualStudioVersion = 10.0.40219.1
Project("{8BC9CEB8-8B4A-11D0-8D11-00A0C91BC942}") = "Task_1_adress", "Task_1_adress\Task_1_adress.vcxproj", "{CC073660-0C2C-4849-BD39-0EADDF03CF95}"
EndProject
Project("{8BC9CEB8-8B4A-11D0-8D11-00A0C91BC942}") = "Task_2_sort_adress", "Task_2_sort_adress\Task_2_sort_adress.vcxproj", "{85366674-AD8C-467C-B29A-D9C1735A4CC4}"
EndProject
Global
	GlobalSection(SolutionConfigurationPlatforms) = preSolution
		Debug|x64 = Debug|x64
		Debug|x86 = Debug|x86
		Release|x64 = Release|x64
		Release|x86 = Release|x86
	EndGlobalSection
	GlobalSection(ProjectConfigurationPlatforms) = postSolution
		{CC073660-0C2C-4849-BD39-0EADDF03CF95}.Debug|x64.ActiveCfg = Debug|x64
		{CC073660-0C2C-4849-BD39-0EADDF03CF95}.Debug|x64.Build.0 = Debug|x64
		{CC073660-0C2C-4849-BD39-0EADDF03CF95}.Debug|x86.ActiveCfg = Debug|Win32
		{CC073660-0C2C-4849-BD39-0EADDF03CF95}.Debug|x86.Build.0 = Debug|Win32
		{CC073660-0C2C-4849-BD39-0EADDF03CF95}.Release|x64.ActiveCfg = Release|x64
		{CC073660-0C2C-4849-BD39-0EADDF03CF95}.Release|x64.Build.0 = Release|x64
		{CC073660-0C2C-4849-BD39-0EADDF03CF95}.Release|x86.ActiveCfg = Release|Win32
		{CC073660-0C2C-4849-BD39-0EADDF03CF95}.Release|x86.Build.0 = Release|Win32
		{85366674-AD8C-467C-B29A-D9C1735A4CC4}.Debug|x64.ActiveCfg = Debug|x64
		{85366674-AD8C-467C-B29A-D9C1735A4CC4}.Debug|x64.Build.0 = Debug|x64
		{85366674-AD8C-467C-B29A-D9C1735A4CC4}.Debug|x86.ActiveCfg = Debug|Win32
		{85366674-AD8C-467C-B29A-D9C1735A4CC4}.Debug|x86.Build.0 = Debug|Win32
		{85366674-AD8C-467C-B29A-D9C1735A4CC4}.Release|x64.ActiveCfg = Release|x64
		{85366674-AD8C-467C-B29A-D9C1735A4CC4}.Release|x64.Build.0 = Release|x64
		{85366674-AD8C-467C-B29A-D9C1735A4CC4}.Release|x86.ActiveCfg = Release|Win32
		{85366674-AD8C-467C-B29A-D9C1735A4CC4}.Release|x86.Build.0 = Release|Win32
	EndGlobalSection
	GlobalSection(SolutionProperties) = preSolution
		HideSolutionNode = FALSE
	EndGlobalSection
	GlobalSection(ExtensibilityGlobals) = postSolution
		SolutionGuid = {39CFC1B9-C75E-4794-B8FC-D136F568FA69}
	EndGlobalSection
EndGlobal
