
Microsoft Visual Studio Solution File, Format Version 12.00
# Visual Studio Version 17
VisualStudioVersion = 17.5.33627.172
MinimumVisualStudioVersion = 10.0.40219.1
Project("{8BC9CEB8-8B4A-11D0-8D11-00A0C91BC942}") = "Dyn_lib", "Dyn_lib\Dyn_lib.vcxproj", "{E51A7A5C-8907-432B-89A2-F725287729C9}"
EndProject
Project("{8BC9CEB8-8B4A-11D0-8D11-00A0C91BC942}") = "Client_leaver", "Client_leaver\Client_leaver.vcxproj", "{1DFBFBEB-F783-4C61-A202-2D5F35F59811}"
EndProject
Global
	GlobalSection(SolutionConfigurationPlatforms) = preSolution
		Debug|x64 = Debug|x64
		Debug|x86 = Debug|x86
		Release|x64 = Release|x64
		Release|x86 = Release|x86
	EndGlobalSection
	GlobalSection(ProjectConfigurationPlatforms) = postSolution
		{E51A7A5C-8907-432B-89A2-F725287729C9}.Debug|x64.ActiveCfg = Debug|x64
		{E51A7A5C-8907-432B-89A2-F725287729C9}.Debug|x64.Build.0 = Debug|x64
		{E51A7A5C-8907-432B-89A2-F725287729C9}.Debug|x86.ActiveCfg = Debug|Win32
		{E51A7A5C-8907-432B-89A2-F725287729C9}.Debug|x86.Build.0 = Debug|Win32
		{E51A7A5C-8907-432B-89A2-F725287729C9}.Release|x64.ActiveCfg = Release|x64
		{E51A7A5C-8907-432B-89A2-F725287729C9}.Release|x64.Build.0 = Release|x64
		{E51A7A5C-8907-432B-89A2-F725287729C9}.Release|x86.ActiveCfg = Release|Win32
		{E51A7A5C-8907-432B-89A2-F725287729C9}.Release|x86.Build.0 = Release|Win32
		{1DFBFBEB-F783-4C61-A202-2D5F35F59811}.Debug|x64.ActiveCfg = Debug|x64
		{1DFBFBEB-F783-4C61-A202-2D5F35F59811}.Debug|x64.Build.0 = Debug|x64
		{1DFBFBEB-F783-4C61-A202-2D5F35F59811}.Debug|x86.ActiveCfg = Debug|Win32
		{1DFBFBEB-F783-4C61-A202-2D5F35F59811}.Debug|x86.Build.0 = Debug|Win32
		{1DFBFBEB-F783-4C61-A202-2D5F35F59811}.Release|x64.ActiveCfg = Release|x64
		{1DFBFBEB-F783-4C61-A202-2D5F35F59811}.Release|x64.Build.0 = Release|x64
		{1DFBFBEB-F783-4C61-A202-2D5F35F59811}.Release|x86.ActiveCfg = Release|Win32
		{1DFBFBEB-F783-4C61-A202-2D5F35F59811}.Release|x86.Build.0 = Release|Win32
	EndGlobalSection
	GlobalSection(SolutionProperties) = preSolution
		HideSolutionNode = FALSE
	EndGlobalSection
	GlobalSection(ExtensibilityGlobals) = postSolution
		SolutionGuid = {278DF510-B7FC-41EA-8FB8-B76A93473144}
	EndGlobalSection
EndGlobal
